{
  "requires": true,
  "lockfileVersion": 1,
  "dependencies": {
    "@babel/runtime": {
      "version": "7.10.1",
      "resolved": "https://artifacthub-tip.oraclecorp.com/api/npm/npmjs-remote/@babel/runtime/-/runtime-7.10.1.tgz",
      "integrity": "sha1-tut1ysJ5WI0xALrs0bmJTqKECCI=",
      "requires": {
        "regenerator-runtime": "^0.13.4"
      }
    },
    "i18next": {
      "version": "19.4.5",
      "resolved": "https://artifacthub-tip.oraclecorp.com/api/npm/npmjs-remote/i18next/-/i18next-19.4.5.tgz",
      "integrity": "sha1-+eqLu0jR7Ga8NDbwu3ShaxGCHhE=",
      "requires": {
        "@babel/runtime": "^7.3.1"
      }
    },
    "regenerator-runtime": {
      "version": "0.13.5",
      "resolved": "https://artifacthub-tip.oraclecorp.com/api/npm/npmjs-remote/regenerator-runtime/-/regenerator-runtime-0.13.5.tgz",
      "integrity": "sha1-2Hih0JS0MG0QuQlkhLM+vVXiZpc="
    }
  }
}
